
Microsoft Visual Studio Solution File, Format Version 12.00
# Visual Studio Version 16
VisualStudioVersion = 16.0.31702.278
MinimumVisualStudioVersion = 10.0.40219.1
Project("{9A19103F-16F7-4668-BE54-9A1E7A4F7556}") = "OrderProcessor", "OrderProcessor.csproj", "{35950A68-DE71-4783-AC2B-A0762F42F8F2}"
EndProject
Global
	GlobalSection(SolutionConfigurationPlatforms) = preSolution
		Debug|Any CPU = Debug|Any CPU
		Release|Any CPU = Release|Any CPU
	EndGlobalSection
	GlobalSection(ProjectConfigurationPlatforms) = postSolution
		{35950A68-DE71-4783-AC2B-A0762F42F8F2}.Debug|Any CPU.ActiveCfg = Debug|Any CPU
		{35950A68-DE71-4783-AC2B-A0762F42F8F2}.Debug|Any CPU.Build.0 = Debug|Any CPU
		{35950A68-DE71-4783-AC2B-A0762F42F8F2}.Release|Any CPU.ActiveCfg = Release|Any CPU
		{35950A68-DE71-4783-AC2B-A0762F42F8F2}.Release|Any CPU.Build.0 = Release|Any CPU
	EndGlobalSection
	GlobalSection(SolutionProperties) = preSolution
		HideSolutionNode = FALSE
	EndGlobalSection
	GlobalSection(ExtensibilityGlobals) = postSolution
		SolutionGuid = {B4BBC0BC-BC66-429E-A222-993E06BC4A1D}
	EndGlobalSection
EndGlobal
